
Microsoft Visual Studio Solution File, Format Version 12.00
# Visual Studio Version 17
VisualStudioVersion = 17.0.31903.59
MinimumVisualStudioVersion = 10.0.40219.1
Project("{FAE04EC0-301F-11D3-BF4B-00C04F79EFBC}") = "OpenMercato.Core", "src\OpenMercato.Core\OpenMercato.Core.csproj", "{03FE7567-4000-450C-A070-6A294C3ACE67}"
EndProject
Project("{FAE04EC0-301F-11D3-BF4B-00C04F79EFBC}") = "OpenMercato.Modules.HealthCheck", "src\OpenMercato.Modules.HealthCheck\OpenMercato.Modules.HealthCheck.csproj", "{6915D564-177D-4E3C-8020-FB95C82997A0}"
EndProject
Project("{FAE04EC0-301F-11D3-BF4B-00C04F79EFBC}") = "OpenMercato.Modules.Auth", "src\OpenMercato.Modules.Auth\OpenMercato.Modules.Auth.csproj", "{9F3B2E71-4C8A-4F2D-9A6E-1B2C3D4E5F60}"
EndProject
Project("{FAE04EC0-301F-11D3-BF4B-00C04F79EFBC}") = "OpenMercato.Api", "src\OpenMercato.Api\OpenMercato.Api.csproj", "{B4C0CD8B-D065-4609-85E6-05FD553EB9A3}"
EndProject
Project("{FAE04EC0-301F-11D3-BF4B-00C04F79EFBC}") = "OpenMercato.Worker", "src\OpenMercato.Worker\OpenMercato.Worker.csproj", "{347B79A4-7818-4EF1-A01A-7D854BDC43A0}"
EndProject
Project("{FAE04EC0-301F-11D3-BF4B-00C04F79EFBC}") = "OpenMercato.Tests", "tests\OpenMercato.Tests\OpenMercato.Tests.csproj", "{5543C1AA-9E6F-4036-8712-008A0A092AA5}"
EndProject
Project("{2150E333-8FDC-42A3-9474-1A3956D46DE8}") = "src", "src", "{827E0CD3-B72D-47B6-A68D-7590B98EB39B}"
EndProject
Project("{FAE04EC0-301F-11D3-BF4B-00C04F79EFBC}") = "OpenMercato.Modules.Directory", "src\OpenMercato.Modules.Directory\OpenMercato.Modules.Directory.csproj", "{F2A8EAA3-013B-4CA5-855B-1F1593076EE9}"
EndProject
Project("{FAE04EC0-301F-11D3-BF4B-00C04F79EFBC}") = "OpenMercato.Cli", "src\OpenMercato.Cli\OpenMercato.Cli.csproj", "{CCBEAD03-4B5D-4D98-A759-B7814D6D0DD9}"
EndProject
Project("{FAE04EC0-301F-11D3-BF4B-00C04F79EFBC}") = "OpenMercato.Modules.Dashboards", "src\OpenMercato.Modules.Dashboards\OpenMercato.Modules.Dashboards.csproj", "{DE7AE4E4-C6C4-4652-868A-D3090A626B9C}"
EndProject
Project("{FAE04EC0-301F-11D3-BF4B-00C04F79EFBC}") = "OpenMercato.Modules.Entities", "src\OpenMercato.Modules.Entities\OpenMercato.Modules.Entities.csproj", "{FA571E3F-7962-4852-B49A-3CEDA51747E2}"
EndProject
Project("{FAE04EC0-301F-11D3-BF4B-00C04F79EFBC}") = "OpenMercato.Modules.QueryIndex", "src\OpenMercato.Modules.QueryIndex\OpenMercato.Modules.QueryIndex.csproj", "{8972D0B6-C0BF-4366-86F9-A989E4778D83}"
EndProject
Global
	GlobalSection(SolutionConfigurationPlatforms) = preSolution
		Debug|Any CPU = Debug|Any CPU
		Debug|x64 = Debug|x64
		Debug|x86 = Debug|x86
		Release|Any CPU = Release|Any CPU
		Release|x64 = Release|x64
		Release|x86 = Release|x86
	EndGlobalSection
	GlobalSection(ProjectConfigurationPlatforms) = postSolution
		{03FE7567-4000-450C-A070-6A294C3ACE67}.Debug|Any CPU.ActiveCfg = Debug|Any CPU
		{03FE7567-4000-450C-A070-6A294C3ACE67}.Debug|Any CPU.Build.0 = Debug|Any CPU
		{03FE7567-4000-450C-A070-6A294C3ACE67}.Debug|x64.ActiveCfg = Debug|Any CPU
		{03FE7567-4000-450C-A070-6A294C3ACE67}.Debug|x64.Build.0 = Debug|Any CPU
		{03FE7567-4000-450C-A070-6A294C3ACE67}.Debug|x86.ActiveCfg = Debug|Any CPU
		{03FE7567-4000-450C-A070-6A294C3ACE67}.Debug|x86.Build.0 = Debug|Any CPU
		{03FE7567-4000-450C-A070-6A294C3ACE67}.Release|Any CPU.ActiveCfg = Release|Any CPU
		{03FE7567-4000-450C-A070-6A294C3ACE67}.Release|Any CPU.Build.0 = Release|Any CPU
		{03FE7567-4000-450C-A070-6A294C3ACE67}.Release|x64.ActiveCfg = Release|Any CPU
		{03FE7567-4000-450C-A070-6A294C3ACE67}.Release|x64.Build.0 = Release|Any CPU
		{03FE7567-4000-450C-A070-6A294C3ACE67}.Release|x86.ActiveCfg = Release|Any CPU
		{03FE7567-4000-450C-A070-6A294C3ACE67}.Release|x86.Build.0 = Release|Any CPU
		{6915D564-177D-4E3C-8020-FB95C82997A0}.Debug|Any CPU.ActiveCfg = Debug|Any CPU
		{6915D564-177D-4E3C-8020-FB95C82997A0}.Debug|Any CPU.Build.0 = Debug|Any CPU
		{6915D564-177D-4E3C-8020-FB95C82997A0}.Debug|x64.ActiveCfg = Debug|Any CPU
		{6915D564-177D-4E3C-8020-FB95C82997A0}.Debug|x64.Build.0 = Debug|Any CPU
		{6915D564-177D-4E3C-8020-FB95C82997A0}.Debug|x86.ActiveCfg = Debug|Any CPU
		{6915D564-177D-4E3C-8020-FB95C82997A0}.Debug|x86.Build.0 = Debug|Any CPU
		{6915D564-177D-4E3C-8020-FB95C82997A0}.Release|Any CPU.ActiveCfg = Release|Any CPU
		{6915D564-177D-4E3C-8020-FB95C82997A0}.Release|Any CPU.Build.0 = Release|Any CPU
		{6915D564-177D-4E3C-8020-FB95C82997A0}.Release|x64.ActiveCfg = Release|Any CPU
		{6915D564-177D-4E3C-8020-FB95C82997A0}.Release|x64.Build.0 = Release|Any CPU
		{6915D564-177D-4E3C-8020-FB95C82997A0}.Release|x86.ActiveCfg = Release|Any CPU
		{6915D564-177D-4E3C-8020-FB95C82997A0}.Release|x86.Build.0 = Release|Any CPU
		{9F3B2E71-4C8A-4F2D-9A6E-1B2C3D4E5F60}.Debug|Any CPU.ActiveCfg = Debug|Any CPU
		{9F3B2E71-4C8A-4F2D-9A6E-1B2C3D4E5F60}.Debug|Any CPU.Build.0 = Debug|Any CPU
		{9F3B2E71-4C8A-4F2D-9A6E-1B2C3D4E5F60}.Debug|x64.ActiveCfg = Debug|Any CPU
		{9F3B2E71-4C8A-4F2D-9A6E-1B2C3D4E5F60}.Debug|x64.Build.0 = Debug|Any CPU
		{9F3B2E71-4C8A-4F2D-9A6E-1B2C3D4E5F60}.Debug|x86.ActiveCfg = Debug|Any CPU
		{9F3B2E71-4C8A-4F2D-9A6E-1B2C3D4E5F60}.Debug|x86.Build.0 = Debug|Any CPU
		{9F3B2E71-4C8A-4F2D-9A6E-1B2C3D4E5F60}.Release|Any CPU.ActiveCfg = Release|Any CPU
		{9F3B2E71-4C8A-4F2D-9A6E-1B2C3D4E5F60}.Release|Any CPU.Build.0 = Release|Any CPU
		{9F3B2E71-4C8A-4F2D-9A6E-1B2C3D4E5F60}.Release|x64.ActiveCfg = Release|Any CPU
		{9F3B2E71-4C8A-4F2D-9A6E-1B2C3D4E5F60}.Release|x64.Build.0 = Release|Any CPU
		{9F3B2E71-4C8A-4F2D-9A6E-1B2C3D4E5F60}.Release|x86.ActiveCfg = Release|Any CPU
		{9F3B2E71-4C8A-4F2D-9A6E-1B2C3D4E5F60}.Release|x86.Build.0 = Release|Any CPU
		{B4C0CD8B-D065-4609-85E6-05FD553EB9A3}.Debug|Any CPU.ActiveCfg = Debug|Any CPU
		{B4C0CD8B-D065-4609-85E6-05FD553EB9A3}.Debug|Any CPU.Build.0 = Debug|Any CPU
		{B4C0CD8B-D065-4609-85E6-05FD553EB9A3}.Debug|x64.ActiveCfg = Debug|Any CPU
		{B4C0CD8B-D065-4609-85E6-05FD553EB9A3}.Debug|x64.Build.0 = Debug|Any CPU
		{B4C0CD8B-D065-4609-85E6-05FD553EB9A3}.Debug|x86.ActiveCfg = Debug|Any CPU
		{B4C0CD8B-D065-4609-85E6-05FD553EB9A3}.Debug|x86.Build.0 = Debug|Any CPU
		{B4C0CD8B-D065-4609-85E6-05FD553EB9A3}.Release|Any CPU.ActiveCfg = Release|Any CPU
		{B4C0CD8B-D065-4609-85E6-05FD553EB9A3}.Release|Any CPU.Build.0 = Release|Any CPU
		{B4C0CD8B-D065-4609-85E6-05FD553EB9A3}.Release|x64.ActiveCfg = Release|Any CPU
		{B4C0CD8B-D065-4609-85E6-05FD553EB9A3}.Release|x64.Build.0 = Release|Any CPU
		{B4C0CD8B-D065-4609-85E6-05FD553EB9A3}.Release|x86.ActiveCfg = Release|Any CPU
		{B4C0CD8B-D065-4609-85E6-05FD553EB9A3}.Release|x86.Build.0 = Release|Any CPU
		{347B79A4-7818-4EF1-A01A-7D854BDC43A0}.Debug|Any CPU.ActiveCfg = Debug|Any CPU
		{347B79A4-7818-4EF1-A01A-7D854BDC43A0}.Debug|Any CPU.Build.0 = Debug|Any CPU
		{347B79A4-7818-4EF1-A01A-7D854BDC43A0}.Debug|x64.ActiveCfg = Debug|Any CPU
		{347B79A4-7818-4EF1-A01A-7D854BDC43A0}.Debug|x64.Build.0 = Debug|Any CPU
		{347B79A4-7818-4EF1-A01A-7D854BDC43A0}.Debug|x86.ActiveCfg = Debug|Any CPU
		{347B79A4-7818-4EF1-A01A-7D854BDC43A0}.Debug|x86.Build.0 = Debug|Any CPU
		{347B79A4-7818-4EF1-A01A-7D854BDC43A0}.Release|Any CPU.ActiveCfg = Release|Any CPU
		{347B79A4-7818-4EF1-A01A-7D854BDC43A0}.Release|Any CPU.Build.0 = Release|Any CPU
		{347B79A4-7818-4EF1-A01A-7D854BDC43A0}.Release|x64.ActiveCfg = Release|Any CPU
		{347B79A4-7818-4EF1-A01A-7D854BDC43A0}.Release|x64.Build.0 = Release|Any CPU
		{347B79A4-7818-4EF1-A01A-7D854BDC43A0}.Release|x86.ActiveCfg = Release|Any CPU
		{347B79A4-7818-4EF1-A01A-7D854BDC43A0}.Release|x86.Build.0 = Release|Any CPU
		{5543C1AA-9E6F-4036-8712-008A0A092AA5}.Debug|Any CPU.ActiveCfg = Debug|Any CPU
		{5543C1AA-9E6F-4036-8712-008A0A092AA5}.Debug|Any CPU.Build.0 = Debug|Any CPU
		{5543C1AA-9E6F-4036-8712-008A0A092AA5}.Debug|x64.ActiveCfg = Debug|Any CPU
		{5543C1AA-9E6F-4036-8712-008A0A092AA5}.Debug|x64.Build.0 = Debug|Any CPU
		{5543C1AA-9E6F-4036-8712-008A0A092AA5}.Debug|x86.ActiveCfg = Debug|Any CPU
		{5543C1AA-9E6F-4036-8712-008A0A092AA5}.Debug|x86.Build.0 = Debug|Any CPU
		{5543C1AA-9E6F-4036-8712-008A0A092AA5}.Release|Any CPU.ActiveCfg = Release|Any CPU
		{5543C1AA-9E6F-4036-8712-008A0A092AA5}.Release|Any CPU.Build.0 = Release|Any CPU
		{5543C1AA-9E6F-4036-8712-008A0A092AA5}.Release|x64.ActiveCfg = Release|Any CPU
		{5543C1AA-9E6F-4036-8712-008A0A092AA5}.Release|x64.Build.0 = Release|Any CPU
		{5543C1AA-9E6F-4036-8712-008A0A092AA5}.Release|x86.ActiveCfg = Release|Any CPU
		{5543C1AA-9E6F-4036-8712-008A0A092AA5}.Release|x86.Build.0 = Release|Any CPU
		{F2A8EAA3-013B-4CA5-855B-1F1593076EE9}.Debug|Any CPU.ActiveCfg = Debug|Any CPU
		{F2A8EAA3-013B-4CA5-855B-1F1593076EE9}.Debug|Any CPU.Build.0 = Debug|Any CPU
		{F2A8EAA3-013B-4CA5-855B-1F1593076EE9}.Debug|x64.ActiveCfg = Debug|Any CPU
		{F2A8EAA3-013B-4CA5-855B-1F1593076EE9}.Debug|x64.Build.0 = Debug|Any CPU
		{F2A8EAA3-013B-4CA5-855B-1F1593076EE9}.Debug|x86.ActiveCfg = Debug|Any CPU
		{F2A8EAA3-013B-4CA5-855B-1F1593076EE9}.Debug|x86.Build.0 = Debug|Any CPU
		{F2A8EAA3-013B-4CA5-855B-1F1593076EE9}.Release|Any CPU.ActiveCfg = Release|Any CPU
		{F2A8EAA3-013B-4CA5-855B-1F1593076EE9}.Release|Any CPU.Build.0 = Release|Any CPU
		{F2A8EAA3-013B-4CA5-855B-1F1593076EE9}.Release|x64.ActiveCfg = Release|Any CPU
		{F2A8EAA3-013B-4CA5-855B-1F1593076EE9}.Release|x64.Build.0 = Release|Any CPU
		{F2A8EAA3-013B-4CA5-855B-1F1593076EE9}.Release|x86.ActiveCfg = Release|Any CPU
		{F2A8EAA3-013B-4CA5-855B-1F1593076EE9}.Release|x86.Build.0 = Release|Any CPU
		{CCBEAD03-4B5D-4D98-A759-B7814D6D0DD9}.Debug|Any CPU.ActiveCfg = Debug|Any CPU
		{CCBEAD03-4B5D-4D98-A759-B7814D6D0DD9}.Debug|Any CPU.Build.0 = Debug|Any CPU
		{CCBEAD03-4B5D-4D98-A759-B7814D6D0DD9}.Debug|x64.ActiveCfg = Debug|Any CPU
		{CCBEAD03-4B5D-4D98-A759-B7814D6D0DD9}.Debug|x64.Build.0 = Debug|Any CPU
		{CCBEAD03-4B5D-4D98-A759-B7814D6D0DD9}.Debug|x86.ActiveCfg = Debug|Any CPU
		{CCBEAD03-4B5D-4D98-A759-B7814D6D0DD9}.Debug|x86.Build.0 = Debug|Any CPU
		{CCBEAD03-4B5D-4D98-A759-B7814D6D0DD9}.Release|Any CPU.ActiveCfg = Release|Any CPU
		{CCBEAD03-4B5D-4D98-A759-B7814D6D0DD9}.Release|Any CPU.Build.0 = Release|Any CPU
		{CCBEAD03-4B5D-4D98-A759-B7814D6D0DD9}.Release|x64.ActiveCfg = Release|Any CPU
		{CCBEAD03-4B5D-4D98-A759-B7814D6D0DD9}.Release|x64.Build.0 = Release|Any CPU
		{CCBEAD03-4B5D-4D98-A759-B7814D6D0DD9}.Release|x86.ActiveCfg = Release|Any CPU
		{CCBEAD03-4B5D-4D98-A759-B7814D6D0DD9}.Release|x86.Build.0 = Release|Any CPU
		{DE7AE4E4-C6C4-4652-868A-D3090A626B9C}.Debug|Any CPU.ActiveCfg = Debug|Any CPU
		{DE7AE4E4-C6C4-4652-868A-D3090A626B9C}.Debug|Any CPU.Build.0 = Debug|Any CPU
		{DE7AE4E4-C6C4-4652-868A-D3090A626B9C}.Debug|x64.ActiveCfg = Debug|Any CPU
		{DE7AE4E4-C6C4-4652-868A-D3090A626B9C}.Debug|x64.Build.0 = Debug|Any CPU
		{DE7AE4E4-C6C4-4652-868A-D3090A626B9C}.Debug|x86.ActiveCfg = Debug|Any CPU
		{DE7AE4E4-C6C4-4652-868A-D3090A626B9C}.Debug|x86.Build.0 = Debug|Any CPU
		{DE7AE4E4-C6C4-4652-868A-D3090A626B9C}.Release|Any CPU.ActiveCfg = Release|Any CPU
		{DE7AE4E4-C6C4-4652-868A-D3090A626B9C}.Release|Any CPU.Build.0 = Release|Any CPU
		{DE7AE4E4-C6C4-4652-868A-D3090A626B9C}.Release|x64.ActiveCfg = Release|Any CPU
		{DE7AE4E4-C6C4-4652-868A-D3090A626B9C}.Release|x64.Build.0 = Release|Any CPU
		{DE7AE4E4-C6C4-4652-868A-D3090A626B9C}.Release|x86.ActiveCfg = Release|Any CPU
		{DE7AE4E4-C6C4-4652-868A-D3090A626B9C}.Release|x86.Build.0 = Release|Any CPU
		{FA571E3F-7962-4852-B49A-3CEDA51747E2}.Debug|Any CPU.ActiveCfg = Debug|Any CPU
		{FA571E3F-7962-4852-B49A-3CEDA51747E2}.Debug|Any CPU.Build.0 = Debug|Any CPU
		{FA571E3F-7962-4852-B49A-3CEDA51747E2}.Debug|x64.ActiveCfg = Debug|Any CPU
		{FA571E3F-7962-4852-B49A-3CEDA51747E2}.Debug|x64.Build.0 = Debug|Any CPU
		{FA571E3F-7962-4852-B49A-3CEDA51747E2}.Debug|x86.ActiveCfg = Debug|Any CPU
		{FA571E3F-7962-4852-B49A-3CEDA51747E2}.Debug|x86.Build.0 = Debug|Any CPU
		{FA571E3F-7962-4852-B49A-3CEDA51747E2}.Release|Any CPU.ActiveCfg = Release|Any CPU
		{FA571E3F-7962-4852-B49A-3CEDA51747E2}.Release|Any CPU.Build.0 = Release|Any CPU
		{FA571E3F-7962-4852-B49A-3CEDA51747E2}.Release|x64.ActiveCfg = Release|Any CPU
		{FA571E3F-7962-4852-B49A-3CEDA51747E2}.Release|x64.Build.0 = Release|Any CPU
		{FA571E3F-7962-4852-B49A-3CEDA51747E2}.Release|x86.ActiveCfg = Release|Any CPU
		{FA571E3F-7962-4852-B49A-3CEDA51747E2}.Release|x86.Build.0 = Release|Any CPU
		{8972D0B6-C0BF-4366-86F9-A989E4778D83}.Debug|Any CPU.ActiveCfg = Debug|Any CPU
		{8972D0B6-C0BF-4366-86F9-A989E4778D83}.Debug|Any CPU.Build.0 = Debug|Any CPU
		{8972D0B6-C0BF-4366-86F9-A989E4778D83}.Debug|x64.ActiveCfg = Debug|Any CPU
		{8972D0B6-C0BF-4366-86F9-A989E4778D83}.Debug|x64.Build.0 = Debug|Any CPU
		{8972D0B6-C0BF-4366-86F9-A989E4778D83}.Debug|x86.ActiveCfg = Debug|Any CPU
		{8972D0B6-C0BF-4366-86F9-A989E4778D83}.Debug|x86.Build.0 = Debug|Any CPU
		{8972D0B6-C0BF-4366-86F9-A989E4778D83}.Release|Any CPU.ActiveCfg = Release|Any CPU
		{8972D0B6-C0BF-4366-86F9-A989E4778D83}.Release|Any CPU.Build.0 = Release|Any CPU
		{8972D0B6-C0BF-4366-86F9-A989E4778D83}.Release|x64.ActiveCfg = Release|Any CPU
		{8972D0B6-C0BF-4366-86F9-A989E4778D83}.Release|x64.Build.0 = Release|Any CPU
		{8972D0B6-C0BF-4366-86F9-A989E4778D83}.Release|x86.ActiveCfg = Release|Any CPU
		{8972D0B6-C0BF-4366-86F9-A989E4778D83}.Release|x86.Build.0 = Release|Any CPU
	EndGlobalSection
	GlobalSection(SolutionProperties) = preSolution
		HideSolutionNode = FALSE
	EndGlobalSection
	GlobalSection(NestedProjects) = preSolution
		{F2A8EAA3-013B-4CA5-855B-1F1593076EE9} = {827E0CD3-B72D-47B6-A68D-7590B98EB39B}
		{CCBEAD03-4B5D-4D98-A759-B7814D6D0DD9} = {827E0CD3-B72D-47B6-A68D-7590B98EB39B}
		{DE7AE4E4-C6C4-4652-868A-D3090A626B9C} = {827E0CD3-B72D-47B6-A68D-7590B98EB39B}
		{FA571E3F-7962-4852-B49A-3CEDA51747E2} = {827E0CD3-B72D-47B6-A68D-7590B98EB39B}
		{8972D0B6-C0BF-4366-86F9-A989E4778D83} = {827E0CD3-B72D-47B6-A68D-7590B98EB39B}
	EndGlobalSection
	GlobalSection(ExtensibilityGlobals) = postSolution
		SolutionGuid = {D2E78CC6-DB7D-4DCC-9FD7-35EFB248AACC}
	EndGlobalSection
EndGlobal
